// !$*UTF8*$!
{
	archiveVersion = 1;
	classes = {
	};
	objectVersion = 55;
	objects = {

/* Begin PBXBuildFile section */
		34A9445B2914581600D0C463 /* Colors.xcassets in Resources */ = {isa = PBXBuildFile; fileRef = 34A9445A2914581600D0C463 /* Colors.xcassets */; };
		34D4C93D29148268002BF8FA /* ListViewModel.swift in Sources */ = {isa = PBXBuildFile; fileRef = 34D4C93C29148268002BF8FA /* ListViewModel.swift */; };
		34D4C93F29148FD9002BF8FA /* ApiManager.swift in Sources */ = {isa = PBXBuildFile; fileRef = 34D4C93E29148FD9002BF8FA /* ApiManager.swift */; };
		548243A329138F3E0098CCF6 /* AppDelegate.swift in Sources */ = {isa = PBXBuildFile; fileRef = 548243A229138F3E0098CCF6 /* AppDelegate.swift */; };
		548243A529138F3E0098CCF6 /* SceneDelegate.swift in Sources */ = {isa = PBXBuildFile; fileRef = 548243A429138F3E0098CCF6 /* SceneDelegate.swift */; };
		548243AA29138F3E0098CCF6 /* Main.storyboard in Resources */ = {isa = PBXBuildFile; fileRef = 548243A829138F3E0098CCF6 /* Main.storyboard */; };
		548243AC29138F410098CCF6 /* Assets.xcassets in Resources */ = {isa = PBXBuildFile; fileRef = 548243AB29138F410098CCF6 /* Assets.xcassets */; };
		548243AF29138F410098CCF6 /* LaunchScreen.storyboard in Resources */ = {isa = PBXBuildFile; fileRef = 548243AD29138F410098CCF6 /* LaunchScreen.storyboard */; };
		548243B7291398F80098CCF6 /* LatestListingVC.swift in Sources */ = {isa = PBXBuildFile; fileRef = 548243B6291398F80098CCF6 /* LatestListingVC.swift */; };
		548243B92913CCDF0098CCF6 /* LatestListingModel.swift in Sources */ = {isa = PBXBuildFile; fileRef = 548243B82913CCDF0098CCF6 /* LatestListingModel.swift */; };
/* End PBXBuildFile section */

/* Begin PBXFileReference section */
		34A9445A2914581600D0C463 /* Colors.xcassets */ = {isa = PBXFileReference; lastKnownFileType = folder.assetcatalog; path = Colors.xcassets; sourceTree = "<group>"; };
		34D4C93C29148268002BF8FA /* ListViewModel.swift */ = {isa = PBXFileReference; lastKnownFileType = sourcecode.swift; path = ListViewModel.swift; sourceTree = "<group>"; };
		34D4C93E29148FD9002BF8FA /* ApiManager.swift */ = {isa = PBXFileReference; lastKnownFileType = sourcecode.swift; path = ApiManager.swift; sourceTree = "<group>"; };
		5482439F29138F3E0098CCF6 /* TradeMe.app */ = {isa = PBXFileReference; explicitFileType = wrapper.application; includeInIndex = 0; path = TradeMe.app; sourceTree = BUILT_PRODUCTS_DIR; };
		548243A229138F3E0098CCF6 /* AppDelegate.swift */ = {isa = PBXFileReference; lastKnownFileType = sourcecode.swift; path = AppDelegate.swift; sourceTree = "<group>"; };
		548243A429138F3E0098CCF6 /* SceneDelegate.swift */ = {isa = PBXFileReference; lastKnownFileType = sourcecode.swift; path = SceneDelegate.swift; sourceTree = "<group>"; };
		548243A929138F3E0098CCF6 /* Base */ = {isa = PBXFileReference; lastKnownFileType = file.storyboard; name = Base; path = Base.lproj/Main.storyboard; sourceTree = "<group>"; };
		548243AB29138F410098CCF6 /* Assets.xcassets */ = {isa = PBXFileReference; lastKnownFileType = folder.assetcatalog; path = Assets.xcassets; sourceTree = "<group>"; };
		548243AE29138F410098CCF6 /* Base */ = {isa = PBXFileReference; lastKnownFileType = file.storyboard; name = Base; path = Base.lproj/LaunchScreen.storyboard; sourceTree = "<group>"; };
		548243B029138F410098CCF6 /* Info.plist */ = {isa = PBXFileReference; lastKnownFileType = text.plist.xml; path = Info.plist; sourceTree = "<group>"; };
		548243B6291398F80098CCF6 /* LatestListingVC.swift */ = {isa = PBXFileReference; lastKnownFileType = sourcecode.swift; path = LatestListingVC.swift; sourceTree = "<group>"; };
		548243B82913CCDF0098CCF6 /* LatestListingModel.swift */ = {isa = PBXFileReference; lastKnownFileType = sourcecode.swift; path = LatestListingModel.swift; sourceTree = "<group>"; };
/* End PBXFileReference section */

/* Begin PBXFrameworksBuildPhase section */
		5482439C29138F3E0098CCF6 /* Frameworks */ = {
			isa = PBXFrameworksBuildPhase;
			buildActionMask = 2147483647;
			files = (
			);
			runOnlyForDeploymentPostprocessing = 0;
		};
/* End PBXFrameworksBuildPhase section */

/* Begin PBXGroup section */
		34A9445C2914582400D0C463 /* Assets */ = {
			isa = PBXGroup;
			children = (
				548243AB29138F410098CCF6 /* Assets.xcassets */,
				34A9445A2914581600D0C463 /* Colors.xcassets */,
			);
			path = Assets;
			sourceTree = "<group>";
		};
		34D4C93629147494002BF8FA /* Controller */ = {
			isa = PBXGroup;
			children = (
				548243B6291398F80098CCF6 /* LatestListingVC.swift */,
			);
			path = Controller;
			sourceTree = "<group>";
		};
		34D4C937291474A1002BF8FA /* Model */ = {
			isa = PBXGroup;
			children = (
				548243B82913CCDF0098CCF6 /* LatestListingModel.swift */,
			);
			path = Model;
			sourceTree = "<group>";
		};
		34D4C93B29148223002BF8FA /* ViewModel */ = {
			isa = PBXGroup;
			children = (
				34D4C93C29148268002BF8FA /* ListViewModel.swift */,
				34D4C93E29148FD9002BF8FA /* ApiManager.swift */,
			);
			path = ViewModel;
			sourceTree = "<group>";
		};
		5482439629138F3E0098CCF6 = {
			isa = PBXGroup;
			children = (
				548243A129138F3E0098CCF6 /* TradeMe */,
				548243A029138F3E0098CCF6 /* Products */,
			);
			sourceTree = "<group>";
		};
		548243A029138F3E0098CCF6 /* Products */ = {
			isa = PBXGroup;
			children = (
				5482439F29138F3E0098CCF6 /* TradeMe.app */,
			);
			name = Products;
			sourceTree = "<group>";
		};
		548243A129138F3E0098CCF6 /* TradeMe */ = {
			isa = PBXGroup;
			children = (
				34A9445C2914582400D0C463 /* Assets */,
				548243A229138F3E0098CCF6 /* AppDelegate.swift */,
				548243A429138F3E0098CCF6 /* SceneDelegate.swift */,
				34D4C93629147494002BF8FA /* Controller */,
				34D4C93B29148223002BF8FA /* ViewModel */,
				34D4C937291474A1002BF8FA /* Model */,
				548243A829138F3E0098CCF6 /* Main.storyboard */,
				548243AD29138F410098CCF6 /* LaunchScreen.storyboard */,
				548243B029138F410098CCF6 /* Info.plist */,
			);
			path = TradeMe;
			sourceTree = "<group>";
		};
/* End PBXGroup section */

/* Begin PBXNativeTarget section */
		5482439E29138F3E0098CCF6 /* TradeMe */ = {
			isa = PBXNativeTarget;
			buildConfigurationList = 548243B329138F410098CCF6 /* Build configuration list for PBXNativeTarget "TradeMe" */;
			buildPhases = (
				5482439B29138F3E0098CCF6 /* Sources */,
				5482439C29138F3E0098CCF6 /* Frameworks */,
				5482439D29138F3E0098CCF6 /* Resources */,
			);
			buildRules = (
			);
			dependencies = (
			);
			name = TradeMe;
			productName = TradeMe;
			productReference = 5482439F29138F3E0098CCF6 /* TradeMe.app */;
			productType = "com.apple.product-type.application";
		};
/* End PBXNativeTarget section */

/* Begin PBXProject section */
		5482439729138F3E0098CCF6 /* Project object */ = {
			isa = PBXProject;
			attributes = {
				BuildIndependentTargetsInParallel = 1;
				LastSwiftUpdateCheck = 1340;
				LastUpgradeCheck = 1340;
				TargetAttributes = {
					5482439E29138F3E0098CCF6 = {
						CreatedOnToolsVersion = 13.4.1;
					};
				};
			};
			buildConfigurationList = 5482439A29138F3E0098CCF6 /* Build configuration list for PBXProject "TradeMe" */;
			compatibilityVersion = "Xcode 13.0";
			developmentRegion = en;
			hasScannedForEncodings = 0;
			knownRegions = (
				en,
				Base,
			);
			mainGroup = 5482439629138F3E0098CCF6;
			productRefGroup = 548243A029138F3E0098CCF6 /* Products */;
			projectDirPath = "";
			projectRoot = "";
			targets = (
				5482439E29138F3E0098CCF6 /* TradeMe */,
			);
		};
/* End PBXProject section */

/* Begin PBXResourcesBuildPhase section */
		5482439D29138F3E0098CCF6 /* Resources */ = {
			isa = PBXResourcesBuildPhase;
			buildActionMask = 2147483647;
			files = (
				548243AF29138F410098CCF6 /* LaunchScreen.storyboard in Resources */,
				34A9445B2914581600D0C463 /* Colors.xcassets in Resources */,
				548243AC29138F410098CCF6 /* Assets.xcassets in Resources */,
				548243AA29138F3E0098CCF6 /* Main.storyboard in Resources */,
			);
			runOnlyForDeploymentPostprocessing = 0;
		};
/* End PBXResourcesBuildPhase section */

/* Begin PBXSourcesBuildPhase section */
		5482439B29138F3E0098CCF6 /* Sources */ = {
			isa = PBXSourcesBuildPhase;
			buildActionMask = 2147483647;
			files = (
				34D4C93D29148268002BF8FA /* ListViewModel.swift in Sources */,
				548243B7291398F80098CCF6 /* LatestListingVC.swift in Sources */,
				548243A329138F3E0098CCF6 /* AppDelegate.swift in Sources */,
				548243A529138F3E0098CCF6 /* SceneDelegate.swift in Sources */,
				34D4C93F29148FD9002BF8FA /* ApiManager.swift in Sources */,
				548243B92913CCDF0098CCF6 /* LatestListingModel.swift in Sources */,
			);
			runOnlyForDeploymentPostprocessing = 0;
		};
/* End PBXSourcesBuildPhase section */

/* Begin PBXVariantGroup section */
		548243A829138F3E0098CCF6 /* Main.storyboard */ = {
			isa = PBXVariantGroup;
			children = (
				548243A929138F3E0098CCF6 /* Base */,
			);
			name = Main.storyboard;
			sourceTree = "<group>";
		};
		548243AD29138F410098CCF6 /* LaunchScreen.storyboard */ = {
			isa = PBXVariantGroup;
			children = (
				548243AE29138F410098CCF6 /* Base */,
			);
			name = LaunchScreen.storyboard;
			sourceTree = "<group>";
		};
/* End PBXVariantGroup section */

/* Begin XCBuildConfiguration section */
		548243B129138F410098CCF6 /* Debug */ = {
			isa = XCBuildConfiguration;
			buildSettings = {
				ALWAYS_SEARCH_USER_PATHS = NO;
				CLANG_ANALYZER_NONNULL = YES;
				CLANG_ANALYZER_NUMBER_OBJECT_CONVERSION = YES_AGGRESSIVE;
				CLANG_CXX_LANGUAGE_STANDARD = "gnu++17";
				CLANG_ENABLE_MODULES = YES;
				CLANG_ENABLE_OBJC_ARC = YES;
				CLANG_ENABLE_OBJC_WEAK = YES;
				CLANG_WARN_BLOCK_CAPTURE_AUTORELEASING = YES;
				CLANG_WARN_BOOL_CONVERSION = YES;
				CLANG_WARN_COMMA = YES;
				CLANG_WARN_CONSTANT_CONVERSION = YES;
				CLANG_WARN_DEPRECATED_OBJC_IMPLEMENTATIONS = YES;
				CLANG_WARN_DIRECT_OBJC_ISA_USAGE = YES_ERROR;
				CLANG_WARN_DOCUMENTATION_COMMENTS = YES;
				CLANG_WARN_EMPTY_BODY = YES;
				CLANG_WARN_ENUM_CONVERSION = YES;
				CLANG_WARN_INFINITE_RECURSION = YES;
				CLANG_WARN_INT_CONVERSION = YES;
				CLANG_WARN_NON_LITERAL_NULL_CONVERSION = YES;
				CLANG_WARN_OBJC_IMPLICIT_RETAIN_SELF = YES;
				CLANG_WARN_OBJC_LITERAL_CONVERSION = YES;
				CLANG_WARN_OBJC_ROOT_CLASS = YES_ERROR;
				CLANG_WARN_QUOTED_INCLUDE_IN_FRAMEWORK_HEADER = YES;
				CLANG_WARN_RANGE_LOOP_ANALYSIS = YES;
				CLANG_WARN_STRICT_PROTOTYPES = YES;
				CLANG_WARN_SUSPICIOUS_MOVE = YES;
				CLANG_WARN_UNGUARDED_AVAILABILITY = YES_AGGRESSIVE;
				CLANG_WARN_UNREACHABLE_CODE = YES;
				CLANG_WARN__DUPLICATE_METHOD_MATCH = YES;
				COPY_PHASE_STRIP = NO;
				DEBUG_INFORMATION_FORMAT = dwarf;
				ENABLE_STRICT_OBJC_MSGSEND = YES;
				ENABLE_TESTABILITY = YES;
				GCC_C_LANGUAGE_STANDARD = gnu11;
				GCC_DYNAMIC_NO_PIC = NO;
				GCC_NO_COMMON_BLOCKS = YES;
				GCC_OPTIMIZATION_LEVEL = 0;
				GCC_PREPROCESSOR_DEFINITIONS = (
					"DEBUG=1",
					"$(inherited)",
				);
				GCC_WARN_64_TO_32_BIT_CONVERSION = YES;
				GCC_WARN_ABOUT_RETURN_TYPE = YES_ERROR;
				GCC_WARN_UNDECLARED_SELECTOR = YES;
				GCC_WARN_UNINITIALIZED_AUTOS = YES_AGGRESSIVE;
				GCC_WARN_UNUSED_FUNCTION = YES;
				GCC_WARN_UNUSED_VARIABLE = YES;
				IPHONEOS_DEPLOYMENT_TARGET = 15.5;
				MTL_ENABLE_DEBUG_INFO = INCLUDE_SOURCE;
				MTL_FAST_MATH = YES;
				ONLY_ACTIVE_ARCH = YES;
				SDKROOT = iphoneos;
				SWIFT_ACTIVE_COMPILATION_CONDITIONS = DEBUG;
				SWIFT_OPTIMIZATION_LEVEL = "-Onone";
			};
			name = Debug;
		};
		548243B229138F410098CCF6 /* Release */ = {
			isa = XCBuildConfiguration;
			buildSettings = {
				ALWAYS_SEARCH_USER_PATHS = NO;
				CLANG_ANALYZER_NONNULL = YES;
				CLANG_ANALYZER_NUMBER_OBJECT_CONVERSION = YES_AGGRESSIVE;
				CLANG_CXX_LANGUAGE_STANDARD = "gnu++17";
				CLANG_ENABLE_MODULES = YES;
				CLANG_ENABLE_OBJC_ARC = YES;
				CLANG_ENABLE_OBJC_WEAK = YES;
				CLANG_WARN_BLOCK_CAPTURE_AUTORELEASING = YES;
				CLANG_WARN_BOOL_CONVERSION = YES;
				CLANG_WARN_COMMA = YES;
				CLANG_WARN_CONSTANT_CONVERSION = YES;
				CLANG_WARN_DEPRECATED_OBJC_IMPLEMENTATIONS = YES;
				CLANG_WARN_DIRECT_OBJC_ISA_USAGE = YES_ERROR;
				CLANG_WARN_DOCUMENTATION_COMMENTS = YES;
				CLANG_WARN_EMPTY_BODY = YES;
				CLANG_WARN_ENUM_CONVERSION = YES;
				CLANG_WARN_INFINITE_RECURSION = YES;
				CLANG_WARN_INT_CONVERSION = YES;
				CLANG_WARN_NON_LITERAL_NULL_CONVERSION = YES;
				CLANG_WARN_OBJC_IMPLICIT_RETAIN_SELF = YES;
				CLANG_WARN_OBJC_LITERAL_CONVERSION = YES;
				CLANG_WARN_OBJC_ROOT_CLASS = YES_ERROR;
				CLANG_WARN_QUOTED_INCLUDE_IN_FRAMEWORK_HEADER = YES;
				CLANG_WARN_RANGE_LOOP_ANALYSIS = YES;
				CLANG_WARN_STRICT_PROTOTYPES = YES;
				CLANG_WARN_SUSPICIOUS_MOVE = YES;
				CLANG_WARN_UNGUARDED_AVAILABILITY = YES_AGGRESSIVE;
				CLANG_WARN_UNREACHABLE_CODE = YES;
				CLANG_WARN__DUPLICATE_METHOD_MATCH = YES;
				COPY_PHASE_STRIP = NO;
				DEBUG_INFORMATION_FORMAT = "dwarf-with-dsym";
				ENABLE_NS_ASSERTIONS = NO;
				ENABLE_STRICT_OBJC_MSGSEND = YES;
				GCC_C_LANGUAGE_STANDARD = gnu11;
				GCC_NO_COMMON_BLOCKS = YES;
				GCC_WARN_64_TO_32_BIT_CONVERSION = YES;
				GCC_WARN_ABOUT_RETURN_TYPE = YES_ERROR;
				GCC_WARN_UNDECLARED_SELECTOR = YES;
				GCC_WARN_UNINITIALIZED_AUTOS = YES_AGGRESSIVE;
				GCC_WARN_UNUSED_FUNCTION = YES;
				GCC_WARN_UNUSED_VARIABLE = YES;
				IPHONEOS_DEPLOYMENT_TARGET = 15.5;
				MTL_ENABLE_DEBUG_INFO = NO;
				MTL_FAST_MATH = YES;
				SDKROOT = iphoneos;
				SWIFT_COMPILATION_MODE = wholemodule;
				SWIFT_OPTIMIZATION_LEVEL = "-O";
				VALIDATE_PRODUCT = YES;
			};
			name = Release;
		};
		548243B429138F410098CCF6 /* Debug */ = {
			isa = XCBuildConfiguration;
			buildSettings = {
				ASSETCATALOG_COMPILER_APPICON_NAME = AppIcon;
				ASSETCATALOG_COMPILER_GLOBAL_ACCENT_COLOR_NAME = AccentColor;
				CODE_SIGN_STYLE = Automatic;
				CURRENT_PROJECT_VERSION = 1;
				GENERATE_INFOPLIST_FILE = YES;
				INFOPLIST_FILE = TradeMe/Info.plist;
				INFOPLIST_KEY_UIApplicationSupportsIndirectInputEvents = YES;
				INFOPLIST_KEY_UILaunchStoryboardName = LaunchScreen;
				INFOPLIST_KEY_UIMainStoryboardFile = Main;
				INFOPLIST_KEY_UISupportedInterfaceOrientations_iPad = "UIInterfaceOrientationPortrait UIInterfaceOrientationPortraitUpsideDown UIInterfaceOrientationLandscapeLeft UIInterfaceOrientationLandscapeRight";
				INFOPLIST_KEY_UISupportedInterfaceOrientations_iPhone = "UIInterfaceOrientationPortrait UIInterfaceOrientationLandscapeLeft UIInterfaceOrientationLandscapeRight";
				LD_RUNPATH_SEARCH_PATHS = (
					"$(inherited)",
					"@executable_path/Frameworks",
				);
				MARKETING_VERSION = 1.0;
				PRODUCT_BUNDLE_IDENTIFIER = com.ios.TradeMe;
				PRODUCT_NAME = "$(TARGET_NAME)";
				SWIFT_EMIT_LOC_STRINGS = YES;
				SWIFT_VERSION = 5.0;
				TARGETED_DEVICE_FAMILY = "1,2";
			};
			name = Debug;
		};
		548243B529138F410098CCF6 /* Release */ = {
			isa = XCBuildConfiguration;
			buildSettings = {
				ASSETCATALOG_COMPILER_APPICON_NAME = AppIcon;
				ASSETCATALOG_COMPILER_GLOBAL_ACCENT_COLOR_NAME = AccentColor;
				CODE_SIGN_STYLE = Automatic;
				CURRENT_PROJECT_VERSION = 1;
				GENERATE_INFOPLIST_FILE = YES;
				INFOPLIST_FILE = TradeMe/Info.plist;
				INFOPLIST_KEY_UIApplicationSupportsIndirectInputEvents = YES;
				INFOPLIST_KEY_UILaunchStoryboardName = LaunchScreen;
				INFOPLIST_KEY_UIMainStoryboardFile = Main;
				INFOPLIST_KEY_UISupportedInterfaceOrientations_iPad = "UIInterfaceOrientationPortrait UIInterfaceOrientationPortraitUpsideDown UIInterfaceOrientationLandscapeLeft UIInterfaceOrientationLandscapeRight";
				INFOPLIST_KEY_UISupportedInterfaceOrientations_iPhone = "UIInterfaceOrientationPortrait UIInterfaceOrientationLandscapeLeft UIInterfaceOrientationLandscapeRight";
				LD_RUNPATH_SEARCH_PATHS = (
					"$(inherited)",
					"@executable_path/Frameworks",
				);
				MARKETING_VERSION = 1.0;
				PRODUCT_BUNDLE_IDENTIFIER = com.ios.TradeMe;
				PRODUCT_NAME = "$(TARGET_NAME)";
				SWIFT_EMIT_LOC_STRINGS = YES;
				SWIFT_VERSION = 5.0;
				TARGETED_DEVICE_FAMILY = "1,2";
			};
			name = Release;
		};
/* End XCBuildConfiguration section */

/* Begin XCConfigurationList section */
		5482439A29138F3E0098CCF6 /* Build configuration list for PBXProject "TradeMe" */ = {
			isa = XCConfigurationList;
			buildConfigurations = (
				548243B129138F410098CCF6 /* Debug */,
				548243B229138F410098CCF6 /* Release */,
			);
			defaultConfigurationIsVisible = 0;
			defaultConfigurationName = Release;
		};
		548243B329138F410098CCF6 /* Build configuration list for PBXNativeTarget "TradeMe" */ = {
			isa = XCConfigurationList;
			buildConfigurations = (
				548243B429138F410098CCF6 /* Debug */,
				548243B529138F410098CCF6 /* Release */,
			);
			defaultConfigurationIsVisible = 0;
			defaultConfigurationName = Release;
		};
/* End XCConfigurationList section */
	};
	rootObject = 5482439729138F3E0098CCF6 /* Project object */;
}
